
Microsoft Visual Studio Solution File, Format Version 12.00
# Visual Studio Version 17
VisualStudioVersion = 17.0.31903.59
MinimumVisualStudioVersion = 10.0.40219.1
Project("{9A19103F-16F7-4668-BE54-9A1E7A4F7556}") = "SunamoStringGetLines.Tests", "SunamoStringGetLines.Tests\\SunamoStringGetLines.Tests.csproj", "{533C17B2-A0E1-4285-ACF8-CD17502F385A}"
EndProject
Project("{FAE04EC0-301F-11D3-BF4B-00C04F79EFBC}") = "RunnerStringGetLines", "RunnerStringGetLines\\RunnerStringGetLines.csproj", "{4FDC4C1D-B8B5-4C60-85A4-D091D2964FDF}"
EndProject
Project("{FAE04EC0-301F-11D3-BF4B-00C04F79EFBC}") = "SunamoStringGetLines", "SunamoStringGetLines\SunamoStringGetLines.csproj", "{0F3AFDF0-0EDF-4D83-BACE-70BD68149D99}"
EndProject
Global
	GlobalSection(SolutionConfigurationPlatforms) = preSolution
		Debug|Any CPU = Debug|Any CPU
		Debug|x86 = Debug|x86
		Debug|x64 = Debug|x64
		Release|Any CPU = Release|Any CPU
		Release|x86 = Release|x86
		Release|x64 = Release|x64
	EndGlobalSection
	GlobalSection(ProjectConfigurationPlatforms) = postSolution
		{533C17B2-A0E1-4285-ACF8-CD17502F385A}.Debug|Any CPU.ActiveCfg = Debug|Any CPU
		{533C17B2-A0E1-4285-ACF8-CD17502F385A}.Debug|Any CPU.Build.0 = Debug|Any CPU
		{533C17B2-A0E1-4285-ACF8-CD17502F385A}.Debug|x86.ActiveCfg = Debug|Any CPU
		{533C17B2-A0E1-4285-ACF8-CD17502F385A}.Debug|x86.Build.0 = Debug|Any CPU
		{533C17B2-A0E1-4285-ACF8-CD17502F385A}.Debug|x64.ActiveCfg = Debug|Any CPU
		{533C17B2-A0E1-4285-ACF8-CD17502F385A}.Debug|x64.Build.0 = Debug|Any CPU
		{533C17B2-A0E1-4285-ACF8-CD17502F385A}.Release|Any CPU.ActiveCfg = Release|Any CPU
		{533C17B2-A0E1-4285-ACF8-CD17502F385A}.Release|Any CPU.Build.0 = Release|Any CPU
		{533C17B2-A0E1-4285-ACF8-CD17502F385A}.Release|x86.ActiveCfg = Release|Any CPU
		{533C17B2-A0E1-4285-ACF8-CD17502F385A}.Release|x86.Build.0 = Release|Any CPU
		{533C17B2-A0E1-4285-ACF8-CD17502F385A}.Release|x64.ActiveCfg = Release|Any CPU
		{533C17B2-A0E1-4285-ACF8-CD17502F385A}.Release|x64.Build.0 = Release|Any CPU
		{4FDC4C1D-B8B5-4C60-85A4-D091D2964FDF}.Debug|Any CPU.ActiveCfg = Debug|Any CPU
		{4FDC4C1D-B8B5-4C60-85A4-D091D2964FDF}.Debug|Any CPU.Build.0 = Debug|Any CPU
		{4FDC4C1D-B8B5-4C60-85A4-D091D2964FDF}.Debug|x86.ActiveCfg = Debug|Any CPU
		{4FDC4C1D-B8B5-4C60-85A4-D091D2964FDF}.Debug|x86.Build.0 = Debug|Any CPU
		{4FDC4C1D-B8B5-4C60-85A4-D091D2964FDF}.Debug|x64.ActiveCfg = Debug|Any CPU
		{4FDC4C1D-B8B5-4C60-85A4-D091D2964FDF}.Debug|x64.Build.0 = Debug|Any CPU
		{4FDC4C1D-B8B5-4C60-85A4-D091D2964FDF}.Release|Any CPU.ActiveCfg = Release|Any CPU
		{4FDC4C1D-B8B5-4C60-85A4-D091D2964FDF}.Release|Any CPU.Build.0 = Release|Any CPU
		{4FDC4C1D-B8B5-4C60-85A4-D091D2964FDF}.Release|x86.ActiveCfg = Release|Any CPU
		{4FDC4C1D-B8B5-4C60-85A4-D091D2964FDF}.Release|x86.Build.0 = Release|Any CPU
		{4FDC4C1D-B8B5-4C60-85A4-D091D2964FDF}.Release|x64.ActiveCfg = Release|Any CPU
		{4FDC4C1D-B8B5-4C60-85A4-D091D2964FDF}.Release|x64.Build.0 = Release|Any CPU
		{0F3AFDF0-0EDF-4D83-BACE-70BD68149D99}.Debug|Any CPU.ActiveCfg = Debug|Any CPU
		{0F3AFDF0-0EDF-4D83-BACE-70BD68149D99}.Debug|Any CPU.Build.0 = Debug|Any CPU
		{0F3AFDF0-0EDF-4D83-BACE-70BD68149D99}.Debug|x86.ActiveCfg = Debug|Any CPU
		{0F3AFDF0-0EDF-4D83-BACE-70BD68149D99}.Debug|x86.Build.0 = Debug|Any CPU
		{0F3AFDF0-0EDF-4D83-BACE-70BD68149D99}.Debug|x64.ActiveCfg = Debug|Any CPU
		{0F3AFDF0-0EDF-4D83-BACE-70BD68149D99}.Debug|x64.Build.0 = Debug|Any CPU
		{0F3AFDF0-0EDF-4D83-BACE-70BD68149D99}.Release|Any CPU.ActiveCfg = Release|Any CPU
		{0F3AFDF0-0EDF-4D83-BACE-70BD68149D99}.Release|Any CPU.Build.0 = Release|Any CPU
		{0F3AFDF0-0EDF-4D83-BACE-70BD68149D99}.Release|x86.ActiveCfg = Release|Any CPU
		{0F3AFDF0-0EDF-4D83-BACE-70BD68149D99}.Release|x86.Build.0 = Release|Any CPU
		{0F3AFDF0-0EDF-4D83-BACE-70BD68149D99}.Release|x64.ActiveCfg = Release|Any CPU
		{0F3AFDF0-0EDF-4D83-BACE-70BD68149D99}.Release|x64.Build.0 = Release|Any CPU
	EndGlobalSection
	GlobalSection(SolutionProperties) = preSolution
		HideSolutionNode = FALSE
	EndGlobalSection
EndGlobal
